
Microsoft Visual Studio Solution File, Format Version 12.00
# Visual Studio Version 17
VisualStudioVersion = 17.7.34221.43
MinimumVisualStudioVersion = 10.0.40219.1
Project("{FAE04EC0-301F-11D3-BF4B-00C04F79EFBC}") = "BackEnd", "BackEnd.csproj", "{08CA6DBE-2A5B-4587-8A9E-2B0F19E4174E}"
EndProject
Global
	GlobalSection(SolutionConfigurationPlatforms) = preSolution
		Debug|Any CPU = Debug|Any CPU
		Release|Any CPU = Release|Any CPU
	EndGlobalSection
	GlobalSection(ProjectConfigurationPlatforms) = postSolution
		{08CA6DBE-2A5B-4587-8A9E-2B0F19E4174E}.Debug|Any CPU.ActiveCfg = Debug|Any CPU
		{08CA6DBE-2A5B-4587-8A9E-2B0F19E4174E}.Debug|Any CPU.Build.0 = Debug|Any CPU
		{08CA6DBE-2A5B-4587-8A9E-2B0F19E4174E}.Release|Any CPU.ActiveCfg = Release|Any CPU
		{08CA6DBE-2A5B-4587-8A9E-2B0F19E4174E}.Release|Any CPU.Build.0 = Release|Any CPU
	EndGlobalSection
	GlobalSection(SolutionProperties) = preSolution
		HideSolutionNode = FALSE
	EndGlobalSection
	GlobalSection(ExtensibilityGlobals) = postSolution
		SolutionGuid = {4C5E27FF-86B9-4F76-A02A-47D3858EE7CD}
	EndGlobalSection
EndGlobal
